
Microsoft Visual Studio Solution File, Format Version 12.00
# Visual Studio Version 17
VisualStudioVersion = 17.7.34202.233
MinimumVisualStudioVersion = 10.0.40219.1
Project("{FAE04EC0-301F-11D3-BF4B-00C04F79EFBC}") = "EasyBackup", "EasyBackup\EasyBackup.csproj", "{A6F5EF7B-152C-4FFB-9FD3-F781B6EC78DA}"
EndProject
Project("{9A19103F-16F7-4668-BE54-9A1E7A4F7556}") = "EasyBackupAvalonia", "EasyBackupAvalonia\EasyBackupAvalonia.csproj", "{A3A94941-B57C-40BC-82D6-23D1BCDDB0F6}"
EndProject
Global
	GlobalSection(SolutionConfigurationPlatforms) = preSolution
		Debug|Any CPU = Debug|Any CPU
		Release|Any CPU = Release|Any CPU
	EndGlobalSection
	GlobalSection(ProjectConfigurationPlatforms) = postSolution
		{A6F5EF7B-152C-4FFB-9FD3-F781B6EC78DA}.Debug|Any CPU.ActiveCfg = Debug|Any CPU
		{A6F5EF7B-152C-4FFB-9FD3-F781B6EC78DA}.Debug|Any CPU.Build.0 = Debug|Any CPU
		{A6F5EF7B-152C-4FFB-9FD3-F781B6EC78DA}.Release|Any CPU.ActiveCfg = Release|Any CPU
		{A6F5EF7B-152C-4FFB-9FD3-F781B6EC78DA}.Release|Any CPU.Build.0 = Release|Any CPU
		{A3A94941-B57C-40BC-82D6-23D1BCDDB0F6}.Debug|Any CPU.ActiveCfg = Debug|Any CPU
		{A3A94941-B57C-40BC-82D6-23D1BCDDB0F6}.Debug|Any CPU.Build.0 = Debug|Any CPU
		{A3A94941-B57C-40BC-82D6-23D1BCDDB0F6}.Release|Any CPU.ActiveCfg = Release|Any CPU
		{A3A94941-B57C-40BC-82D6-23D1BCDDB0F6}.Release|Any CPU.Build.0 = Release|Any CPU
	EndGlobalSection
	GlobalSection(SolutionProperties) = preSolution
		HideSolutionNode = FALSE
	EndGlobalSection
	GlobalSection(ExtensibilityGlobals) = postSolution
		SolutionGuid = {B123A6AA-E889-4716-A666-138D7DC0C7AB}
	EndGlobalSection
EndGlobal
